// !$*UTF8*$!
{
	archiveVersion = 1;
	classes = {
	};
	objectVersion = 51;
	objects = {

/* Begin PBXBuildFile section */
		75CA990C45F4F370FBEB453B /* Pods_yearrace3.framework in Frameworks */ = {isa = PBXBuildFile; fileRef = 90DF4181331FE689C91B2F7D /* Pods_yearrace3.framework */; };
		B812107D259199780010E13C /* UIView+Layout.swift in Sources */ = {isa = PBXBuildFile; fileRef = B812107C259199780010E13C /* UIView+Layout.swift */; };
		B8138A842590355300BEFC85 /* Color+Ext.swift in Sources */ = {isa = PBXBuildFile; fileRef = B8138A832590355300BEFC85 /* Color+Ext.swift */; };
		B8138A872590361F00BEFC85 /* YRButton.swift in Sources */ = {isa = PBXBuildFile; fileRef = B8138A862590361F00BEFC85 /* YRButton.swift */; };
		B8138A902590418E00BEFC85 /* HorizonView.swift in Sources */ = {isa = PBXBuildFile; fileRef = B8138A8F2590418E00BEFC85 /* HorizonView.swift */; };
		B8138A94259043DC00BEFC85 /* GameView.swift in Sources */ = {isa = PBXBuildFile; fileRef = B8138A93259043DC00BEFC85 /* GameView.swift */; };
		B83A107D258F0BB6007EE52F /* FirstPlayerButton.swift in Sources */ = {isa = PBXBuildFile; fileRef = B83A107C258F0BB6007EE52F /* FirstPlayerButton.swift */; };
		B83A38FB2592E3100006C2E7 /* MonthLabel.swift in Sources */ = {isa = PBXBuildFile; fileRef = B83A38FA2592E3100006C2E7 /* MonthLabel.swift */; };
		B83A38FE2592E3520006C2E7 /* DayLabel.swift in Sources */ = {isa = PBXBuildFile; fileRef = B83A38FD2592E3520006C2E7 /* DayLabel.swift */; };
		B83A39022592E41B0006C2E7 /* Game.swift in Sources */ = {isa = PBXBuildFile; fileRef = B83A39012592E41B0006C2E7 /* Game.swift */; };
		B83A39152593C3320006C2E7 /* DateComponents+Ext.swift in Sources */ = {isa = PBXBuildFile; fileRef = B83A39142593C3320006C2E7 /* DateComponents+Ext.swift */; };
		B83A391D2593D48B0006C2E7 /* MainViewModel.swift in Sources */ = {isa = PBXBuildFile; fileRef = B83A391C2593D48B0006C2E7 /* MainViewModel.swift */; };
		B88124C925887B4400FC59AF /* yearrace3App.swift in Sources */ = {isa = PBXBuildFile; fileRef = B88124C825887B4400FC59AF /* yearrace3App.swift */; };
		B88124CB25887B4400FC59AF /* MainView.swift in Sources */ = {isa = PBXBuildFile; fileRef = B88124CA25887B4400FC59AF /* MainView.swift */; };
		B88124CD25887B4700FC59AF /* Assets.xcassets in Resources */ = {isa = PBXBuildFile; fileRef = B88124CC25887B4700FC59AF /* Assets.xcassets */; };
		B88124D025887B4700FC59AF /* Preview Assets.xcassets in Resources */ = {isa = PBXBuildFile; fileRef = B88124CF25887B4700FC59AF /* Preview Assets.xcassets */; };
		B8AD389F258AF69000F112C5 /* DateButton.swift in Sources */ = {isa = PBXBuildFile; fileRef = B8AD389E258AF69000F112C5 /* DateButton.swift */; };
/* End PBXBuildFile section */

/* Begin PBXFileReference section */
		90DF4181331FE689C91B2F7D /* Pods_yearrace3.framework */ = {isa = PBXFileReference; explicitFileType = wrapper.framework; includeInIndex = 0; path = Pods_yearrace3.framework; sourceTree = BUILT_PRODUCTS_DIR; };
		AA301378A7599ABBAACB378F /* Pods-yearrace3.release.xcconfig */ = {isa = PBXFileReference; includeInIndex = 1; lastKnownFileType = text.xcconfig; name = "Pods-yearrace3.release.xcconfig"; path = "Target Support Files/Pods-yearrace3/Pods-yearrace3.release.xcconfig"; sourceTree = "<group>"; };
		AEDE11FF2D9E4D5372E82926 /* Pods-yearrace3.debug.xcconfig */ = {isa = PBXFileReference; includeInIndex = 1; lastKnownFileType = text.xcconfig; name = "Pods-yearrace3.debug.xcconfig"; path = "Target Support Files/Pods-yearrace3/Pods-yearrace3.debug.xcconfig"; sourceTree = "<group>"; };
		B812107C259199780010E13C /* UIView+Layout.swift */ = {isa = PBXFileReference; lastKnownFileType = sourcecode.swift; path = "UIView+Layout.swift"; sourceTree = "<group>"; };
		B8138A832590355300BEFC85 /* Color+Ext.swift */ = {isa = PBXFileReference; lastKnownFileType = sourcecode.swift; path = "Color+Ext.swift"; sourceTree = "<group>"; };
		B8138A862590361F00BEFC85 /* YRButton.swift */ = {isa = PBXFileReference; lastKnownFileType = sourcecode.swift; path = YRButton.swift; sourceTree = "<group>"; };
		B8138A8F2590418E00BEFC85 /* HorizonView.swift */ = {isa = PBXFileReference; lastKnownFileType = sourcecode.swift; path = HorizonView.swift; sourceTree = "<group>"; };
		B8138A93259043DC00BEFC85 /* GameView.swift */ = {isa = PBXFileReference; lastKnownFileType = sourcecode.swift; path = GameView.swift; sourceTree = "<group>"; };
		B83A107C258F0BB6007EE52F /* FirstPlayerButton.swift */ = {isa = PBXFileReference; lastKnownFileType = sourcecode.swift; path = FirstPlayerButton.swift; sourceTree = "<group>"; };
		B83A38FA2592E3100006C2E7 /* MonthLabel.swift */ = {isa = PBXFileReference; lastKnownFileType = sourcecode.swift; path = MonthLabel.swift; sourceTree = "<group>"; };
		B83A38FD2592E3520006C2E7 /* DayLabel.swift */ = {isa = PBXFileReference; lastKnownFileType = sourcecode.swift; path = DayLabel.swift; sourceTree = "<group>"; };
		B83A39012592E41B0006C2E7 /* Game.swift */ = {isa = PBXFileReference; lastKnownFileType = sourcecode.swift; path = Game.swift; sourceTree = "<group>"; };
		B83A39142593C3320006C2E7 /* DateComponents+Ext.swift */ = {isa = PBXFileReference; lastKnownFileType = sourcecode.swift; path = "DateComponents+Ext.swift"; sourceTree = "<group>"; };
		B83A391C2593D48B0006C2E7 /* MainViewModel.swift */ = {isa = PBXFileReference; lastKnownFileType = sourcecode.swift; path = MainViewModel.swift; sourceTree = "<group>"; };
		B88124C525887B4400FC59AF /* yearrace3.app */ = {isa = PBXFileReference; explicitFileType = wrapper.application; includeInIndex = 0; path = yearrace3.app; sourceTree = BUILT_PRODUCTS_DIR; };
		B88124C825887B4400FC59AF /* yearrace3App.swift */ = {isa = PBXFileReference; lastKnownFileType = sourcecode.swift; path = yearrace3App.swift; sourceTree = "<group>"; };
		B88124CA25887B4400FC59AF /* MainView.swift */ = {isa = PBXFileReference; lastKnownFileType = sourcecode.swift; path = MainView.swift; sourceTree = "<group>"; };
		B88124CC25887B4700FC59AF /* Assets.xcassets */ = {isa = PBXFileReference; lastKnownFileType = folder.assetcatalog; path = Assets.xcassets; sourceTree = "<group>"; };
		B88124CF25887B4700FC59AF /* Preview Assets.xcassets */ = {isa = PBXFileReference; lastKnownFileType = folder.assetcatalog; path = "Preview Assets.xcassets"; sourceTree = "<group>"; };
		B88124D125887B4700FC59AF /* Info.plist */ = {isa = PBXFileReference; lastKnownFileType = text.plist.xml; path = Info.plist; sourceTree = "<group>"; };
		B8AD389E258AF69000F112C5 /* DateButton.swift */ = {isa = PBXFileReference; lastKnownFileType = sourcecode.swift; path = DateButton.swift; sourceTree = "<group>"; };
/* End PBXFileReference section */

/* Begin PBXFrameworksBuildPhase section */
		B88124C225887B4400FC59AF /* Frameworks */ = {
			isa = PBXFrameworksBuildPhase;
			buildActionMask = 2147483647;
			files = (
				75CA990C45F4F370FBEB453B /* Pods_yearrace3.framework in Frameworks */,
			);
			runOnlyForDeploymentPostprocessing = 0;
		};
/* End PBXFrameworksBuildPhase section */

/* Begin PBXGroup section */
		49FD7A4BB4375AD0D9BE237F /* Pods */ = {
			isa = PBXGroup;
			children = (
				AEDE11FF2D9E4D5372E82926 /* Pods-yearrace3.debug.xcconfig */,
				AA301378A7599ABBAACB378F /* Pods-yearrace3.release.xcconfig */,
			);
			path = Pods;
			sourceTree = "<group>";
		};
		799EA260FA49EDBE5CFF56A7 /* Frameworks */ = {
			isa = PBXGroup;
			children = (
				90DF4181331FE689C91B2F7D /* Pods_yearrace3.framework */,
			);
			name = Frameworks;
			sourceTree = "<group>";
		};
		B8138A802590351C00BEFC85 /* Utilities */ = {
			isa = PBXGroup;
			children = (
				B8138A812590352600BEFC85 /* Extensions */,
			);
			path = Utilities;
			sourceTree = "<group>";
		};
		B8138A812590352600BEFC85 /* Extensions */ = {
			isa = PBXGroup;
			children = (
				B8138A832590355300BEFC85 /* Color+Ext.swift */,
				B812107C259199780010E13C /* UIView+Layout.swift */,
				B83A39142593C3320006C2E7 /* DateComponents+Ext.swift */,
			);
			path = Extensions;
			sourceTree = "<group>";
		};
		B8138A892590409400BEFC85 /* Model */ = {
			isa = PBXGroup;
			children = (
				B83A39012592E41B0006C2E7 /* Game.swift */,
			);
			path = Model;
			sourceTree = "<group>";
		};
		B8138A8E2590416A00BEFC85 /* UIKit Components */ = {
			isa = PBXGroup;
			children = (
				B8138A8F2590418E00BEFC85 /* HorizonView.swift */,
				B83A38FA2592E3100006C2E7 /* MonthLabel.swift */,
				B83A38FD2592E3520006C2E7 /* DayLabel.swift */,
			);
			path = "UIKit Components";
			sourceTree = "<group>";
		};
		B83A391A2593D4630006C2E7 /* MainView */ = {
			isa = PBXGroup;
			children = (
				B83A391C2593D48B0006C2E7 /* MainViewModel.swift */,
				B88124CA25887B4400FC59AF /* MainView.swift */,
			);
			path = MainView;
			sourceTree = "<group>";
		};
		B865791C259032DA006C3849 /* Views */ = {
			isa = PBXGroup;
			children = (
				B8138A8E2590416A00BEFC85 /* UIKit Components */,
				B865791D259032E5006C3849 /* Buttons */,
			);
			path = Views;
			sourceTree = "<group>";
		};
		B865791D259032E5006C3849 /* Buttons */ = {
			isa = PBXGroup;
			children = (
				B8AD389E258AF69000F112C5 /* DateButton.swift */,
				B83A107C258F0BB6007EE52F /* FirstPlayerButton.swift */,
				B8138A862590361F00BEFC85 /* YRButton.swift */,
			);
			path = Buttons;
			sourceTree = "<group>";
		};
		B865791E25903310006C3849 /* Screens */ = {
			isa = PBXGroup;
			children = (
				B83A391A2593D4630006C2E7 /* MainView */,
				B8138A93259043DC00BEFC85 /* GameView.swift */,
			);
			path = Screens;
			sourceTree = "<group>";
		};
		B88124BC25887B4400FC59AF = {
			isa = PBXGroup;
			children = (
				B88124C725887B4400FC59AF /* yearrace3 */,
				B88124C625887B4400FC59AF /* Products */,
				49FD7A4BB4375AD0D9BE237F /* Pods */,
				799EA260FA49EDBE5CFF56A7 /* Frameworks */,
			);
			sourceTree = "<group>";
		};
		B88124C625887B4400FC59AF /* Products */ = {
			isa = PBXGroup;
			children = (
				B88124C525887B4400FC59AF /* yearrace3.app */,
			);
			name = Products;
			sourceTree = "<group>";
		};
		B88124C725887B4400FC59AF /* yearrace3 */ = {
			isa = PBXGroup;
			children = (
				B8138A892590409400BEFC85 /* Model */,
				B8138A802590351C00BEFC85 /* Utilities */,
				B865791E25903310006C3849 /* Screens */,
				B865791C259032DA006C3849 /* Views */,
				B88124C825887B4400FC59AF /* yearrace3App.swift */,
				B88124CC25887B4700FC59AF /* Assets.xcassets */,
				B88124D125887B4700FC59AF /* Info.plist */,
				B88124CE25887B4700FC59AF /* Preview Content */,
			);
			path = yearrace3;
			sourceTree = "<group>";
		};
		B88124CE25887B4700FC59AF /* Preview Content */ = {
			isa = PBXGroup;
			children = (
				B88124CF25887B4700FC59AF /* Preview Assets.xcassets */,
			);
			path = "Preview Content";
			sourceTree = "<group>";
		};
/* End PBXGroup section */

/* Begin PBXNativeTarget section */
		B88124C425887B4400FC59AF /* yearrace3 */ = {
			isa = PBXNativeTarget;
			buildConfigurationList = B88124D425887B4700FC59AF /* Build configuration list for PBXNativeTarget "yearrace3" */;
			buildPhases = (
				3048F24E7235B4D20A194031 /* [CP] Check Pods Manifest.lock */,
				B88124C125887B4400FC59AF /* Sources */,
				B88124C225887B4400FC59AF /* Frameworks */,
				B88124C325887B4400FC59AF /* Resources */,
				B00218E6FC78AC1B2A7493F9 /* [CP] Embed Pods Frameworks */,
			);
			buildRules = (
			);
			dependencies = (
			);
			name = yearrace3;
			productName = yearrace3;
			productReference = B88124C525887B4400FC59AF /* yearrace3.app */;
			productType = "com.apple.product-type.application";
		};
/* End PBXNativeTarget section */

/* Begin PBXProject section */
		B88124BD25887B4400FC59AF /* Project object */ = {
			isa = PBXProject;
			attributes = {
				LastSwiftUpdateCheck = 1220;
				LastUpgradeCheck = 1220;
				TargetAttributes = {
					B88124C425887B4400FC59AF = {
						CreatedOnToolsVersion = 12.2;
					};
				};
			};
			buildConfigurationList = B88124C025887B4400FC59AF /* Build configuration list for PBXProject "yearrace3" */;
			compatibilityVersion = "Xcode 9.3";
			developmentRegion = en;
			hasScannedForEncodings = 0;
			knownRegions = (
				en,
				Base,
			);
			mainGroup = B88124BC25887B4400FC59AF;
			productRefGroup = B88124C625887B4400FC59AF /* Products */;
			projectDirPath = "";
			projectRoot = "";
			targets = (
				B88124C425887B4400FC59AF /* yearrace3 */,
			);
		};
/* End PBXProject section */

/* Begin PBXResourcesBuildPhase section */
		B88124C325887B4400FC59AF /* Resources */ = {
			isa = PBXResourcesBuildPhase;
			buildActionMask = 2147483647;
			files = (
				B88124D025887B4700FC59AF /* Preview Assets.xcassets in Resources */,
				B88124CD25887B4700FC59AF /* Assets.xcassets in Resources */,
			);
			runOnlyForDeploymentPostprocessing = 0;
		};
/* End PBXResourcesBuildPhase section */

/* Begin PBXShellScriptBuildPhase section */
		3048F24E7235B4D20A194031 /* [CP] Check Pods Manifest.lock */ = {
			isa = PBXShellScriptBuildPhase;
			buildActionMask = 2147483647;
			files = (
			);
			inputFileListPaths = (
			);
			inputPaths = (
				"${PODS_PODFILE_DIR_PATH}/Podfile.lock",
				"${PODS_ROOT}/Manifest.lock",
			);
			name = "[CP] Check Pods Manifest.lock";
			outputFileListPaths = (
			);
			outputPaths = (
				"$(DERIVED_FILE_DIR)/Pods-yearrace3-checkManifestLockResult.txt",
			);
			runOnlyForDeploymentPostprocessing = 0;
			shellPath = /bin/sh;
			shellScript = "diff \"${PODS_PODFILE_DIR_PATH}/Podfile.lock\" \"${PODS_ROOT}/Manifest.lock\" > /dev/null\nif [ $? != 0 ] ; then\n    # print error to STDERR\n    echo \"error: The sandbox is not in sync with the Podfile.lock. Run 'pod install' or update your CocoaPods installation.\" >&2\n    exit 1\nfi\n# This output is used by Xcode 'outputs' to avoid re-running this script phase.\necho \"SUCCESS\" > \"${SCRIPT_OUTPUT_FILE_0}\"\n";
			showEnvVarsInLog = 0;
		};
		B00218E6FC78AC1B2A7493F9 /* [CP] Embed Pods Frameworks */ = {
			isa = PBXShellScriptBuildPhase;
			buildActionMask = 2147483647;
			files = (
			);
			inputFileListPaths = (
				"${PODS_ROOT}/Target Support Files/Pods-yearrace3/Pods-yearrace3-frameworks-${CONFIGURATION}-input-files.xcfilelist",
			);
			name = "[CP] Embed Pods Frameworks";
			outputFileListPaths = (
				"${PODS_ROOT}/Target Support Files/Pods-yearrace3/Pods-yearrace3-frameworks-${CONFIGURATION}-output-files.xcfilelist",
			);
			runOnlyForDeploymentPostprocessing = 0;
			shellPath = /bin/sh;
			shellScript = "\"${PODS_ROOT}/Target Support Files/Pods-yearrace3/Pods-yearrace3-frameworks.sh\"\n";
			showEnvVarsInLog = 0;
		};
/* End PBXShellScriptBuildPhase section */

/* Begin PBXSourcesBuildPhase section */
		B88124C125887B4400FC59AF /* Sources */ = {
			isa = PBXSourcesBuildPhase;
			buildActionMask = 2147483647;
			files = (
				B8138A872590361F00BEFC85 /* YRButton.swift in Sources */,
				B83A39152593C3320006C2E7 /* DateComponents+Ext.swift in Sources */,
				B8138A902590418E00BEFC85 /* HorizonView.swift in Sources */,
				B88124CB25887B4400FC59AF /* MainView.swift in Sources */,
				B83A38FB2592E3100006C2E7 /* MonthLabel.swift in Sources */,
				B812107D259199780010E13C /* UIView+Layout.swift in Sources */,
				B8138A94259043DC00BEFC85 /* GameView.swift in Sources */,
				B83A391D2593D48B0006C2E7 /* MainViewModel.swift in Sources */,
				B88124C925887B4400FC59AF /* yearrace3App.swift in Sources */,
				B83A39022592E41B0006C2E7 /* Game.swift in Sources */,
				B8AD389F258AF69000F112C5 /* DateButton.swift in Sources */,
				B83A107D258F0BB6007EE52F /* FirstPlayerButton.swift in Sources */,
				B8138A842590355300BEFC85 /* Color+Ext.swift in Sources */,
				B83A38FE2592E3520006C2E7 /* DayLabel.swift in Sources */,
			);
			runOnlyForDeploymentPostprocessing = 0;
		};
/* End PBXSourcesBuildPhase section */

/* Begin XCBuildConfiguration section */
		B88124D225887B4700FC59AF /* Debug */ = {
			isa = XCBuildConfiguration;
			buildSettings = {
				ALWAYS_SEARCH_USER_PATHS = NO;
				CLANG_ANALYZER_NONNULL = YES;
				CLANG_ANALYZER_NUMBER_OBJECT_CONVERSION = YES_AGGRESSIVE;
				CLANG_CXX_LANGUAGE_STANDARD = "gnu++14";
				CLANG_CXX_LIBRARY = "libc++";
				CLANG_ENABLE_MODULES = YES;
				CLANG_ENABLE_OBJC_ARC = YES;
				CLANG_ENABLE_OBJC_WEAK = YES;
				CLANG_WARN_BLOCK_CAPTURE_AUTORELEASING = YES;
				CLANG_WARN_BOOL_CONVERSION = YES;
				CLANG_WARN_COMMA = YES;
				CLANG_WARN_CONSTANT_CONVERSION = YES;
				CLANG_WARN_DEPRECATED_OBJC_IMPLEMENTATIONS = YES;
				CLANG_WARN_DIRECT_OBJC_ISA_USAGE = YES_ERROR;
				CLANG_WARN_DOCUMENTATION_COMMENTS = YES;
				CLANG_WARN_EMPTY_BODY = YES;
				CLANG_WARN_ENUM_CONVERSION = YES;
				CLANG_WARN_INFINITE_RECURSION = YES;
				CLANG_WARN_INT_CONVERSION = YES;
				CLANG_WARN_NON_LITERAL_NULL_CONVERSION = YES;
				CLANG_WARN_OBJC_IMPLICIT_RETAIN_SELF = YES;
				CLANG_WARN_OBJC_LITERAL_CONVERSION = YES;
				CLANG_WARN_OBJC_ROOT_CLASS = YES_ERROR;
				CLANG_WARN_QUOTED_INCLUDE_IN_FRAMEWORK_HEADER = YES;
				CLANG_WARN_RANGE_LOOP_ANALYSIS = YES;
				CLANG_WARN_STRICT_PROTOTYPES = YES;
				CLANG_WARN_SUSPICIOUS_MOVE = YES;
				CLANG_WARN_UNGUARDED_AVAILABILITY = YES_AGGRESSIVE;
				CLANG_WARN_UNREACHABLE_CODE = YES;
				CLANG_WARN__DUPLICATE_METHOD_MATCH = YES;
				COPY_PHASE_STRIP = NO;
				DEBUG_INFORMATION_FORMAT = dwarf;
				ENABLE_STRICT_OBJC_MSGSEND = YES;
				ENABLE_TESTABILITY = YES;
				GCC_C_LANGUAGE_STANDARD = gnu11;
				GCC_DYNAMIC_NO_PIC = NO;
				GCC_NO_COMMON_BLOCKS = YES;
				GCC_OPTIMIZATION_LEVEL = 0;
				GCC_PREPROCESSOR_DEFINITIONS = (
					"DEBUG=1",
					"$(inherited)",
				);
				GCC_WARN_64_TO_32_BIT_CONVERSION = YES;
				GCC_WARN_ABOUT_RETURN_TYPE = YES_ERROR;
				GCC_WARN_UNDECLARED_SELECTOR = YES;
				GCC_WARN_UNINITIALIZED_AUTOS = YES_AGGRESSIVE;
				GCC_WARN_UNUSED_FUNCTION = YES;
				GCC_WARN_UNUSED_VARIABLE = YES;
				IPHONEOS_DEPLOYMENT_TARGET = 14.2;
				MTL_ENABLE_DEBUG_INFO = INCLUDE_SOURCE;
				MTL_FAST_MATH = YES;
				ONLY_ACTIVE_ARCH = YES;
				SDKROOT = iphoneos;
				SWIFT_ACTIVE_COMPILATION_CONDITIONS = DEBUG;
				SWIFT_OPTIMIZATION_LEVEL = "-Onone";
			};
			name = Debug;
		};
		B88124D325887B4700FC59AF /* Release */ = {
			isa = XCBuildConfiguration;
			buildSettings = {
				ALWAYS_SEARCH_USER_PATHS = NO;
				CLANG_ANALYZER_NONNULL = YES;
				CLANG_ANALYZER_NUMBER_OBJECT_CONVERSION = YES_AGGRESSIVE;
				CLANG_CXX_LANGUAGE_STANDARD = "gnu++14";
				CLANG_CXX_LIBRARY = "libc++";
				CLANG_ENABLE_MODULES = YES;
				CLANG_ENABLE_OBJC_ARC = YES;
				CLANG_ENABLE_OBJC_WEAK = YES;
				CLANG_WARN_BLOCK_CAPTURE_AUTORELEASING = YES;
				CLANG_WARN_BOOL_CONVERSION = YES;
				CLANG_WARN_COMMA = YES;
				CLANG_WARN_CONSTANT_CONVERSION = YES;
				CLANG_WARN_DEPRECATED_OBJC_IMPLEMENTATIONS = YES;
				CLANG_WARN_DIRECT_OBJC_ISA_USAGE = YES_ERROR;
				CLANG_WARN_DOCUMENTATION_COMMENTS = YES;
				CLANG_WARN_EMPTY_BODY = YES;
				CLANG_WARN_ENUM_CONVERSION = YES;
				CLANG_WARN_INFINITE_RECURSION = YES;
				CLANG_WARN_INT_CONVERSION = YES;
				CLANG_WARN_NON_LITERAL_NULL_CONVERSION = YES;
				CLANG_WARN_OBJC_IMPLICIT_RETAIN_SELF = YES;
				CLANG_WARN_OBJC_LITERAL_CONVERSION = YES;
				CLANG_WARN_OBJC_ROOT_CLASS = YES_ERROR;
				CLANG_WARN_QUOTED_INCLUDE_IN_FRAMEWORK_HEADER = YES;
				CLANG_WARN_RANGE_LOOP_ANALYSIS = YES;
				CLANG_WARN_STRICT_PROTOTYPES = YES;
				CLANG_WARN_SUSPICIOUS_MOVE = YES;
				CLANG_WARN_UNGUARDED_AVAILABILITY = YES_AGGRESSIVE;
				CLANG_WARN_UNREACHABLE_CODE = YES;
				CLANG_WARN__DUPLICATE_METHOD_MATCH = YES;
				COPY_PHASE_STRIP = NO;
				DEBUG_INFORMATION_FORMAT = "dwarf-with-dsym";
				ENABLE_NS_ASSERTIONS = NO;
				ENABLE_STRICT_OBJC_MSGSEND = YES;
				GCC_C_LANGUAGE_STANDARD = gnu11;
				GCC_NO_COMMON_BLOCKS = YES;
				GCC_WARN_64_TO_32_BIT_CONVERSION = YES;
				GCC_WARN_ABOUT_RETURN_TYPE = YES_ERROR;
				GCC_WARN_UNDECLARED_SELECTOR = YES;
				GCC_WARN_UNINITIALIZED_AUTOS = YES_AGGRESSIVE;
				GCC_WARN_UNUSED_FUNCTION = YES;
				GCC_WARN_UNUSED_VARIABLE = YES;
				IPHONEOS_DEPLOYMENT_TARGET = 14.2;
				MTL_ENABLE_DEBUG_INFO = NO;
				MTL_FAST_MATH = YES;
				SDKROOT = iphoneos;
				SWIFT_COMPILATION_MODE = wholemodule;
				SWIFT_OPTIMIZATION_LEVEL = "-O";
				VALIDATE_PRODUCT = YES;
			};
			name = Release;
		};
		B88124D525887B4700FC59AF /* Debug */ = {
			isa = XCBuildConfiguration;
			baseConfigurationReference = AEDE11FF2D9E4D5372E82926 /* Pods-yearrace3.debug.xcconfig */;
			buildSettings = {
				ASSETCATALOG_COMPILER_APPICON_NAME = AppIcon;
				ASSETCATALOG_COMPILER_GLOBAL_ACCENT_COLOR_NAME = AccentColor;
				CODE_SIGN_STYLE = Automatic;
				DEVELOPMENT_ASSET_PATHS = "\"yearrace3/Preview Content\"";
				DEVELOPMENT_TEAM = 7T5K9UZ754;
				ENABLE_PREVIEWS = YES;
				INFOPLIST_FILE = yearrace3/Info.plist;
				IPHONEOS_DEPLOYMENT_TARGET = 14.0;
				LD_RUNPATH_SEARCH_PATHS = (
					"$(inherited)",
					"@executable_path/Frameworks",
				);
				PRODUCT_BUNDLE_IDENTIFIER = com.davidruvinskiy.yearrace3;
				PRODUCT_NAME = "$(TARGET_NAME)";
				SWIFT_VERSION = 5.0;
				TARGETED_DEVICE_FAMILY = "1,2";
			};
			name = Debug;
		};
		B88124D625887B4700FC59AF /* Release */ = {
			isa = XCBuildConfiguration;
			baseConfigurationReference = AA301378A7599ABBAACB378F /* Pods-yearrace3.release.xcconfig */;
			buildSettings = {
				ASSETCATALOG_COMPILER_APPICON_NAME = AppIcon;
				ASSETCATALOG_COMPILER_GLOBAL_ACCENT_COLOR_NAME = AccentColor;
				CODE_SIGN_STYLE = Automatic;
				DEVELOPMENT_ASSET_PATHS = "\"yearrace3/Preview Content\"";
				DEVELOPMENT_TEAM = 7T5K9UZ754;
				ENABLE_PREVIEWS = YES;
				INFOPLIST_FILE = yearrace3/Info.plist;
				IPHONEOS_DEPLOYMENT_TARGET = 14.0;
				LD_RUNPATH_SEARCH_PATHS = (
					"$(inherited)",
					"@executable_path/Frameworks",
				);
				PRODUCT_BUNDLE_IDENTIFIER = com.davidruvinskiy.yearrace3;
				PRODUCT_NAME = "$(TARGET_NAME)";
				SWIFT_VERSION = 5.0;
				TARGETED_DEVICE_FAMILY = "1,2";
			};
			name = Release;
		};
/* End XCBuildConfiguration section */

/* Begin XCConfigurationList section */
		B88124C025887B4400FC59AF /* Build configuration list for PBXProject "yearrace3" */ = {
			isa = XCConfigurationList;
			buildConfigurations = (
				B88124D225887B4700FC59AF /* Debug */,
				B88124D325887B4700FC59AF /* Release */,
			);
			defaultConfigurationIsVisible = 0;
			defaultConfigurationName = Release;
		};
		B88124D425887B4700FC59AF /* Build configuration list for PBXNativeTarget "yearrace3" */ = {
			isa = XCConfigurationList;
			buildConfigurations = (
				B88124D525887B4700FC59AF /* Debug */,
				B88124D625887B4700FC59AF /* Release */,
			);
			defaultConfigurationIsVisible = 0;
			defaultConfigurationName = Release;
		};
/* End XCConfigurationList section */
	};
	rootObject = B88124BD25887B4400FC59AF /* Project object */;
}
